github.com/dimchat/core-go v0.4.1-0.20260224155841-59216829499c h1:H58MQuhastMehXjHphUAjHKEkds5ahaO7K5Wr5umxho=
github.com/dimchat/core-go v0.4.1-0.20260224155841-59216829499c/go.mod h1:cI8pUf4WuyS+/ptHU61CKczrRF619XuTTI2h7aLZUk4=
github.com/dimchat/dkd-go v0.4.1-0.20260224005238-06240549d0d5 h1:0VRy4QjexKpbBdLcTb5tSlgPQ/RFtdIjCmzar/ci3EI=
github.com/dimchat/dkd-go v0.4.1-0.20260224005238-06240549d0d5/go.mod h1:HoG9SNsnd5sLhURXT95IeornQ0p5S7c//wgxHeK85Gk=
github.com/dimchat/mkm-go v0.3.1-0.20260224004319-16007795aac4 h1:i77oMfuwBjMdiS994Fi9qxKaqnRxlc9FrOxMSxtUGtI=
github.com/dimchat/mkm-go v0.3.1-0.20260224004319-16007795aac4/go.mod h1:rRD77W4jdUAkfNA2fBa+co3/ADLpuTE9EXtlrldz39U=
github.com/dimchat/plugins-go v0.0.0-20260225122817-04444526ea29 h1:b49NwPpVqOpG9bt7rQtzdP8KyODYAycXGNtPONMdk6o=
github.com/dimchat/plugins-go v0.0.0-20260225122817-04444526ea29/go.mod h1:jvS/Lg3dukmYflTBnRDmXyNUCpQ6OyL3kY19eoQORec=
github.com/dimchat/sdk-go v0.4.1-0.20260225122435-73588758d6cb h1:PAg0s6AQ1ejDPM6NeIYSHSaZgBbnWSOfcyLKpyyYs0k=
github.com/dimchat/sdk-go v0.4.1-0.20260225122435-73588758d6cb/go.mod h1:nZ62DOtEXrbVqmBJxGmUO07w0XJigZWlhB9QdQDt+WI=
golang.org/x/crypto v0.0.0-20190308221718-c2843e01d9a2/go.mod h1:djNgcEr1/C05ACkg1iLfiJU5Ep61QUkGW8qpdssI0+w=
golang.org/x/crypto v0.0.0-20210220033148-5ea612d1eb83 h1:/ZScEX8SfEmUGRHs0gxpqteO5nfNW6axyZbBdw9A12g=
golang.org/x/crypto v0.0.0-20210220033148-5ea612d1eb83/go.mod h1:jdWPYTVW3xRLrWPugEBEK3UY2ZEsg3UU495nc5E+M+I=
golang.org/x/net v0.0.0-20190404232315-eb5bcb51f2a3/go.mod h1:t9HGtf8HONx5eT2rtn7q6eTqICYqUVnKs3thJo3Qplg=
golang.org/x/sys v0.0.0-20190215142949-d0b11bdaac8a/go.mod h1:STP8DvDyc/dI5b8T5hshtkjS+E42TnysNCUPdjciGhY=
golang.org/x/sys v0.0.0-20191026070338-33540a1f6037 h1:YyJpGZS1sBuBCzLAR1VEpK193GlqGZbnPFnPV/5Rsb4=
golang.org/x/sys v0.0.0-20191026070338-33540a1f6037/go.mod h1:h1NjWce9XRLGQEsW7wpKNCjG9DtNlClVuFLEZdDNbEs=
golang.org/x/term v0.0.0-20201117132131-f5c789dd3221/go.mod h1:Nr5EML6q2oocZ2LXRh80K7BxOlk5/8JxuGnuhpl+muw=
golang.org/x/text v0.3.0/go.mod h1:NqM8EUOU14njkJ3fqMW+pc6Ldnwhi/IjpwHt7yyuwOQ=
