github.com/dimchat/core-go v0.4.1-0.20260218180451-480065297153 h1:Dj6TJ4mv41XJH+Jda9QKct6Rr6L6HZnhL9SL1Ju9tNM=
github.com/dimchat/core-go v0.4.1-0.20260218180451-480065297153/go.mod h1:tKyUsF7+iEpKqEvrb3pRbeNdqrXbQU5J/amPQveU6bg=
github.com/dimchat/dkd-go v0.4.1-0.20260218172646-7401299ea6b5 h1:6qX8xRWKC6Z0ShRdsEah+LLNiU99f1Qs8Tz3gHAh89g=
github.com/dimchat/dkd-go v0.4.1-0.20260218172646-7401299ea6b5/go.mod h1:V6BDlyewE1MPgQK4SutlDr6okDJ5DneNuGK4GYFHWnY=
github.com/dimchat/mkm-go v0.3.1-0.20260214181049-0171494b2e52 h1:sjuWbmpO749RrG6nxjCVKRNw/hU2WQ+ylybvDb16zOk=
github.com/dimchat/mkm-go v0.3.1-0.20260214181049-0171494b2e52/go.mod h1:rRD77W4jdUAkfNA2fBa+co3/ADLpuTE9EXtlrldz39U=
github.com/dimchat/plugins-go v0.0.0-20260218233321-693244071280 h1:w6KrsoOD4X/7gY1IZK6r7yus3HzBepmfaEle2DyV6rg=
github.com/dimchat/plugins-go v0.0.0-20260218233321-693244071280/go.mod h1:/MU29AV8qHXzbFXDHKdan0MuYpI7bgppOPTi08wXMbc=
github.com/dimchat/sdk-go v0.4.1-0.20260218232640-10543587656b h1:GWW2obnrd4wsFp3pwBNnTxr5On10jFub1h2U+ovZKWM=
github.com/dimchat/sdk-go v0.4.1-0.20260218232640-10543587656b/go.mod h1:EBK+bwaVfLBV9UBOjEKRZt9Ww7IP1HQGmJ+8U2Xokic=
golang.org/x/crypto v0.0.0-20190308221718-c2843e01d9a2/go.mod h1:djNgcEr1/C05ACkg1iLfiJU5Ep61QUkGW8qpdssI0+w=
golang.org/x/crypto v0.0.0-20210220033148-5ea612d1eb83 h1:/ZScEX8SfEmUGRHs0gxpqteO5nfNW6axyZbBdw9A12g=
golang.org/x/crypto v0.0.0-20210220033148-5ea612d1eb83/go.mod h1:jdWPYTVW3xRLrWPugEBEK3UY2ZEsg3UU495nc5E+M+I=
golang.org/x/net v0.0.0-20190404232315-eb5bcb51f2a3/go.mod h1:t9HGtf8HONx5eT2rtn7q6eTqICYqUVnKs3thJo3Qplg=
golang.org/x/sys v0.0.0-20190215142949-d0b11bdaac8a/go.mod h1:STP8DvDyc/dI5b8T5hshtkjS+E42TnysNCUPdjciGhY=
golang.org/x/sys v0.0.0-20191026070338-33540a1f6037 h1:YyJpGZS1sBuBCzLAR1VEpK193GlqGZbnPFnPV/5Rsb4=
golang.org/x/sys v0.0.0-20191026070338-33540a1f6037/go.mod h1:h1NjWce9XRLGQEsW7wpKNCjG9DtNlClVuFLEZdDNbEs=
golang.org/x/term v0.0.0-20201117132131-f5c789dd3221/go.mod h1:Nr5EML6q2oocZ2LXRh80K7BxOlk5/8JxuGnuhpl+muw=
golang.org/x/text v0.3.0/go.mod h1:NqM8EUOU14njkJ3fqMW+pc6Ldnwhi/IjpwHt7yyuwOQ=
